
Microsoft Visual Studio Solution File, Format Version 12.00
# Visual Studio Version 17
VisualStudioVersion = 17.6.33815.320
MinimumVisualStudioVersion = 10.0.40219.1
Project("{FAE04EC0-301F-11D3-BF4B-00C04F79EFBC}") = "ToDoList-WPF", "ToDoList-WPF.csproj", "{0BEE5F5B-067E-4947-B7D1-8FDC83916C03}"
EndProject
Global
	GlobalSection(SolutionConfigurationPlatforms) = preSolution
		Debug|Any CPU = Debug|Any CPU
		Release|Any CPU = Release|Any CPU
	EndGlobalSection
	GlobalSection(ProjectConfigurationPlatforms) = postSolution
		{0BEE5F5B-067E-4947-B7D1-8FDC83916C03}.Debug|Any CPU.ActiveCfg = Debug|Any CPU
		{0BEE5F5B-067E-4947-B7D1-8FDC83916C03}.Debug|Any CPU.Build.0 = Debug|Any CPU
		{0BEE5F5B-067E-4947-B7D1-8FDC83916C03}.Release|Any CPU.ActiveCfg = Release|Any CPU
		{0BEE5F5B-067E-4947-B7D1-8FDC83916C03}.Release|Any CPU.Build.0 = Release|Any CPU
	EndGlobalSection
	GlobalSection(SolutionProperties) = preSolution
		HideSolutionNode = FALSE
	EndGlobalSection
	GlobalSection(ExtensibilityGlobals) = postSolution
		SolutionGuid = {7D3132E6-D195-408D-8BC2-36D6421F1A11}
	EndGlobalSection
EndGlobal
